// !$*UTF8*$!
{
	archiveVersion = 1;
	classes = {
	};
	objectVersion = 46;
	objects = {

/* Begin PBXBuildFile section */
		F87DADEC1E57255B00C44BFA /* AppDelegate.swift in Sources */ = {isa = PBXBuildFile; fileRef = F87DADEB1E57255B00C44BFA /* AppDelegate.swift */; };
		F87DADEE1E57255B00C44BFA /* StartViewController.swift in Sources */ = {isa = PBXBuildFile; fileRef = F87DADED1E57255B00C44BFA /* StartViewController.swift */; };
		F87DADF11E57255B00C44BFA /* Main.storyboard in Resources */ = {isa = PBXBuildFile; fileRef = F87DADEF1E57255B00C44BFA /* Main.storyboard */; };
		F87DADF31E57255B00C44BFA /* Assets.xcassets in Resources */ = {isa = PBXBuildFile; fileRef = F87DADF21E57255B00C44BFA /* Assets.xcassets */; };
		F87DADF61E57255B00C44BFA /* LaunchScreen.storyboard in Resources */ = {isa = PBXBuildFile; fileRef = F87DADF41E57255B00C44BFA /* LaunchScreen.storyboard */; };
		F87DAE021E57282400C44BFA /* madlib0_simple.txt in Resources */ = {isa = PBXBuildFile; fileRef = F87DADFD1E57282400C44BFA /* madlib0_simple.txt */; };
		F87DAE031E57282400C44BFA /* madlib1_tarzan.txt in Resources */ = {isa = PBXBuildFile; fileRef = F87DADFE1E57282400C44BFA /* madlib1_tarzan.txt */; };
		F87DAE041E57282400C44BFA /* madlib2_university.txt in Resources */ = {isa = PBXBuildFile; fileRef = F87DADFF1E57282400C44BFA /* madlib2_university.txt */; };
		F87DAE051E57282400C44BFA /* madlib3_clothes.txt in Resources */ = {isa = PBXBuildFile; fileRef = F87DAE001E57282400C44BFA /* madlib3_clothes.txt */; };
		F87DAE061E57282400C44BFA /* madlib4_dance.txt in Resources */ = {isa = PBXBuildFile; fileRef = F87DAE011E57282400C44BFA /* madlib4_dance.txt */; };
		F87DAE081E57283300C44BFA /* Story.swift in Sources */ = {isa = PBXBuildFile; fileRef = F87DAE071E57283300C44BFA /* Story.swift */; };
		F87DAE0A1E5732EB00C44BFA /* WordViewController.swift in Sources */ = {isa = PBXBuildFile; fileRef = F87DAE091E5732EB00C44BFA /* WordViewController.swift */; };
		F87DAE101E5B3A6D00C44BFA /* TextViewController.swift in Sources */ = {isa = PBXBuildFile; fileRef = F87DAE0F1E5B3A6D00C44BFA /* TextViewController.swift */; };
/* End PBXBuildFile section */

/* Begin PBXFileReference section */
		F87DADE81E57255B00C44BFA /* Mad Libs.app */ = {isa = PBXFileReference; explicitFileType = wrapper.application; includeInIndex = 0; path = "Mad Libs.app"; sourceTree = BUILT_PRODUCTS_DIR; };
		F87DADEB1E57255B00C44BFA /* AppDelegate.swift */ = {isa = PBXFileReference; lastKnownFileType = sourcecode.swift; path = AppDelegate.swift; sourceTree = "<group>"; };
		F87DADED1E57255B00C44BFA /* StartViewController.swift */ = {isa = PBXFileReference; lastKnownFileType = sourcecode.swift; path = StartViewController.swift; sourceTree = "<group>"; };
		F87DADF01E57255B00C44BFA /* Base */ = {isa = PBXFileReference; lastKnownFileType = file.storyboard; name = Base; path = Base.lproj/Main.storyboard; sourceTree = "<group>"; };
		F87DADF21E57255B00C44BFA /* Assets.xcassets */ = {isa = PBXFileReference; lastKnownFileType = folder.assetcatalog; path = Assets.xcassets; sourceTree = "<group>"; };
		F87DADF51E57255B00C44BFA /* Base */ = {isa = PBXFileReference; lastKnownFileType = file.storyboard; name = Base; path = Base.lproj/LaunchScreen.storyboard; sourceTree = "<group>"; };
		F87DADF71E57255B00C44BFA /* Info.plist */ = {isa = PBXFileReference; lastKnownFileType = text.plist.xml; path = Info.plist; sourceTree = "<group>"; };
		F87DADFD1E57282400C44BFA /* madlib0_simple.txt */ = {isa = PBXFileReference; fileEncoding = 4; lastKnownFileType = text; path = madlib0_simple.txt; sourceTree = "<group>"; };
		F87DADFE1E57282400C44BFA /* madlib1_tarzan.txt */ = {isa = PBXFileReference; fileEncoding = 4; lastKnownFileType = text; path = madlib1_tarzan.txt; sourceTree = "<group>"; };
		F87DADFF1E57282400C44BFA /* madlib2_university.txt */ = {isa = PBXFileReference; fileEncoding = 4; lastKnownFileType = text; path = madlib2_university.txt; sourceTree = "<group>"; };
		F87DAE001E57282400C44BFA /* madlib3_clothes.txt */ = {isa = PBXFileReference; fileEncoding = 4; lastKnownFileType = text; path = madlib3_clothes.txt; sourceTree = "<group>"; };
		F87DAE011E57282400C44BFA /* madlib4_dance.txt */ = {isa = PBXFileReference; fileEncoding = 4; lastKnownFileType = text; path = madlib4_dance.txt; sourceTree = "<group>"; };
		F87DAE071E57283300C44BFA /* Story.swift */ = {isa = PBXFileReference; fileEncoding = 4; lastKnownFileType = sourcecode.swift; path = Story.swift; sourceTree = "<group>"; };
		F87DAE091E5732EB00C44BFA /* WordViewController.swift */ = {isa = PBXFileReference; fileEncoding = 4; lastKnownFileType = sourcecode.swift; path = WordViewController.swift; sourceTree = "<group>"; };
		F87DAE0F1E5B3A6D00C44BFA /* TextViewController.swift */ = {isa = PBXFileReference; fileEncoding = 4; lastKnownFileType = sourcecode.swift; path = TextViewController.swift; sourceTree = "<group>"; };
/* End PBXFileReference section */

/* Begin PBXFrameworksBuildPhase section */
		F87DADE51E57255A00C44BFA /* Frameworks */ = {
			isa = PBXFrameworksBuildPhase;
			buildActionMask = 2147483647;
			files = (
			);
			runOnlyForDeploymentPostprocessing = 0;
		};
/* End PBXFrameworksBuildPhase section */

/* Begin PBXGroup section */
		F87DADDF1E57255A00C44BFA = {
			isa = PBXGroup;
			children = (
				F87DADEA1E57255B00C44BFA /* Mad Libs */,
				F87DADE91E57255B00C44BFA /* Products */,
			);
			sourceTree = "<group>";
		};
		F87DADE91E57255B00C44BFA /* Products */ = {
			isa = PBXGroup;
			children = (
				F87DADE81E57255B00C44BFA /* Mad Libs.app */,
			);
			name = Products;
			sourceTree = "<group>";
		};
		F87DADEA1E57255B00C44BFA /* Mad Libs */ = {
			isa = PBXGroup;
			children = (
				F87DADEB1E57255B00C44BFA /* AppDelegate.swift */,
				F87DADED1E57255B00C44BFA /* StartViewController.swift */,
				F87DAE091E5732EB00C44BFA /* WordViewController.swift */,
				F87DAE0F1E5B3A6D00C44BFA /* TextViewController.swift */,
				F87DADEF1E57255B00C44BFA /* Main.storyboard */,
				F87DADF21E57255B00C44BFA /* Assets.xcassets */,
				F87DADF41E57255B00C44BFA /* LaunchScreen.storyboard */,
				F87DADF71E57255B00C44BFA /* Info.plist */,
				F87DADFD1E57282400C44BFA /* madlib0_simple.txt */,
				F87DADFE1E57282400C44BFA /* madlib1_tarzan.txt */,
				F87DADFF1E57282400C44BFA /* madlib2_university.txt */,
				F87DAE001E57282400C44BFA /* madlib3_clothes.txt */,
				F87DAE011E57282400C44BFA /* madlib4_dance.txt */,
				F87DAE071E57283300C44BFA /* Story.swift */,
			);
			path = "Mad Libs";
			sourceTree = "<group>";
		};
/* End PBXGroup section */

/* Begin PBXNativeTarget section */
		F87DADE71E57255A00C44BFA /* Mad Libs */ = {
			isa = PBXNativeTarget;
			buildConfigurationList = F87DADFA1E57255B00C44BFA /* Build configuration list for PBXNativeTarget "Mad Libs" */;
			buildPhases = (
				F87DADE41E57255A00C44BFA /* Sources */,
				F87DADE51E57255A00C44BFA /* Frameworks */,
				F87DADE61E57255A00C44BFA /* Resources */,
			);
			buildRules = (
			);
			dependencies = (
			);
			name = "Mad Libs";
			productName = "Mad Libs";
			productReference = F87DADE81E57255B00C44BFA /* Mad Libs.app */;
			productType = "com.apple.product-type.application";
		};
/* End PBXNativeTarget section */

/* Begin PBXProject section */
		F87DADE01E57255A00C44BFA /* Project object */ = {
			isa = PBXProject;
			attributes = {
				LastSwiftUpdateCheck = 0820;
				LastUpgradeCheck = 0820;
				ORGANIZATIONNAME = "Stefan Pel";
				TargetAttributes = {
					F87DADE71E57255A00C44BFA = {
						CreatedOnToolsVersion = 8.2.1;
						DevelopmentTeam = 3CH6468FQ7;
						ProvisioningStyle = Automatic;
					};
				};
			};
			buildConfigurationList = F87DADE31E57255A00C44BFA /* Build configuration list for PBXProject "Mad Libs" */;
			compatibilityVersion = "Xcode 3.2";
			developmentRegion = English;
			hasScannedForEncodings = 0;
			knownRegions = (
				en,
				Base,
			);
			mainGroup = F87DADDF1E57255A00C44BFA;
			productRefGroup = F87DADE91E57255B00C44BFA /* Products */;
			projectDirPath = "";
			projectRoot = "";
			targets = (
				F87DADE71E57255A00C44BFA /* Mad Libs */,
			);
		};
/* End PBXProject section */

/* Begin PBXResourcesBuildPhase section */
		F87DADE61E57255A00C44BFA /* Resources */ = {
			isa = PBXResourcesBuildPhase;
			buildActionMask = 2147483647;
			files = (
				F87DADF61E57255B00C44BFA /* LaunchScreen.storyboard in Resources */,
				F87DAE051E57282400C44BFA /* madlib3_clothes.txt in Resources */,
				F87DAE031E57282400C44BFA /* madlib1_tarzan.txt in Resources */,
				F87DADF31E57255B00C44BFA /* Assets.xcassets in Resources */,
				F87DAE021E57282400C44BFA /* madlib0_simple.txt in Resources */,
				F87DAE041E57282400C44BFA /* madlib2_university.txt in Resources */,
				F87DAE061E57282400C44BFA /* madlib4_dance.txt in Resources */,
				F87DADF11E57255B00C44BFA /* Main.storyboard in Resources */,
			);
			runOnlyForDeploymentPostprocessing = 0;
		};
/* End PBXResourcesBuildPhase section */

/* Begin PBXSourcesBuildPhase section */
		F87DADE41E57255A00C44BFA /* Sources */ = {
			isa = PBXSourcesBuildPhase;
			buildActionMask = 2147483647;
			files = (
				F87DAE101E5B3A6D00C44BFA /* TextViewController.swift in Sources */,
				F87DADEE1E57255B00C44BFA /* StartViewController.swift in Sources */,
				F87DADEC1E57255B00C44BFA /* AppDelegate.swift in Sources */,
				F87DAE0A1E5732EB00C44BFA /* WordViewController.swift in Sources */,
				F87DAE081E57283300C44BFA /* Story.swift in Sources */,
			);
			runOnlyForDeploymentPostprocessing = 0;
		};
/* End PBXSourcesBuildPhase section */

/* Begin PBXVariantGroup section */
		F87DADEF1E57255B00C44BFA /* Main.storyboard */ = {
			isa = PBXVariantGroup;
			children = (
				F87DADF01E57255B00C44BFA /* Base */,
			);
			name = Main.storyboard;
			sourceTree = "<group>";
		};
		F87DADF41E57255B00C44BFA /* LaunchScreen.storyboard */ = {
			isa = PBXVariantGroup;
			children = (
				F87DADF51E57255B00C44BFA /* Base */,
			);
			name = LaunchScreen.storyboard;
			sourceTree = "<group>";
		};
/* End PBXVariantGroup section */

/* Begin XCBuildConfiguration section */
		F87DADF81E57255B00C44BFA /* Debug */ = {
			isa = XCBuildConfiguration;
			buildSettings = {
				ALWAYS_SEARCH_USER_PATHS = NO;
				CLANG_ANALYZER_NONNULL = YES;
				CLANG_CXX_LANGUAGE_STANDARD = "gnu++0x";
				CLANG_CXX_LIBRARY = "libc++";
				CLANG_ENABLE_MODULES = YES;
				CLANG_ENABLE_OBJC_ARC = YES;
				CLANG_WARN_BOOL_CONVERSION = YES;
				CLANG_WARN_CONSTANT_CONVERSION = YES;
				CLANG_WARN_DIRECT_OBJC_ISA_USAGE = YES_ERROR;
				CLANG_WARN_DOCUMENTATION_COMMENTS = YES;
				CLANG_WARN_EMPTY_BODY = YES;
				CLANG_WARN_ENUM_CONVERSION = YES;
				CLANG_WARN_INFINITE_RECURSION = YES;
				CLANG_WARN_INT_CONVERSION = YES;
				CLANG_WARN_OBJC_ROOT_CLASS = YES_ERROR;
				CLANG_WARN_SUSPICIOUS_MOVE = YES;
				CLANG_WARN_UNREACHABLE_CODE = YES;
				CLANG_WARN__DUPLICATE_METHOD_MATCH = YES;
				"CODE_SIGN_IDENTITY[sdk=iphoneos*]" = "iPhone Developer";
				COPY_PHASE_STRIP = NO;
				DEBUG_INFORMATION_FORMAT = dwarf;
				ENABLE_STRICT_OBJC_MSGSEND = YES;
				ENABLE_TESTABILITY = YES;
				GCC_C_LANGUAGE_STANDARD = gnu99;
				GCC_DYNAMIC_NO_PIC = NO;
				GCC_NO_COMMON_BLOCKS = YES;
				GCC_OPTIMIZATION_LEVEL = 0;
				GCC_PREPROCESSOR_DEFINITIONS = (
					"DEBUG=1",
					"$(inherited)",
				);
				GCC_WARN_64_TO_32_BIT_CONVERSION = YES;
				GCC_WARN_ABOUT_RETURN_TYPE = YES_ERROR;
				GCC_WARN_UNDECLARED_SELECTOR = YES;
				GCC_WARN_UNINITIALIZED_AUTOS = YES_AGGRESSIVE;
				GCC_WARN_UNUSED_FUNCTION = YES;
				GCC_WARN_UNUSED_VARIABLE = YES;
				IPHONEOS_DEPLOYMENT_TARGET = 10.2;
				MTL_ENABLE_DEBUG_INFO = YES;
				ONLY_ACTIVE_ARCH = YES;
				SDKROOT = iphoneos;
				SWIFT_ACTIVE_COMPILATION_CONDITIONS = DEBUG;
				SWIFT_OPTIMIZATION_LEVEL = "-Onone";
				TARGETED_DEVICE_FAMILY = "1,2";
			};
			name = Debug;
		};
		F87DADF91E57255B00C44BFA /* Release */ = {
			isa = XCBuildConfiguration;
			buildSettings = {
				ALWAYS_SEARCH_USER_PATHS = NO;
				CLANG_ANALYZER_NONNULL = YES;
				CLANG_CXX_LANGUAGE_STANDARD = "gnu++0x";
				CLANG_CXX_LIBRARY = "libc++";
				CLANG_ENABLE_MODULES = YES;
				CLANG_ENABLE_OBJC_ARC = YES;
				CLANG_WARN_BOOL_CONVERSION = YES;
				CLANG_WARN_CONSTANT_CONVERSION = YES;
				CLANG_WARN_DIRECT_OBJC_ISA_USAGE = YES_ERROR;
				CLANG_WARN_DOCUMENTATION_COMMENTS = YES;
				CLANG_WARN_EMPTY_BODY = YES;
				CLANG_WARN_ENUM_CONVERSION = YES;
				CLANG_WARN_INFINITE_RECURSION = YES;
				CLANG_WARN_INT_CONVERSION = YES;
				CLANG_WARN_OBJC_ROOT_CLASS = YES_ERROR;
				CLANG_WARN_SUSPICIOUS_MOVE = YES;
				CLANG_WARN_UNREACHABLE_CODE = YES;
				CLANG_WARN__DUPLICATE_METHOD_MATCH = YES;
				"CODE_SIGN_IDENTITY[sdk=iphoneos*]" = "iPhone Developer";
				COPY_PHASE_STRIP = NO;
				DEBUG_INFORMATION_FORMAT = "dwarf-with-dsym";
				ENABLE_NS_ASSERTIONS = NO;
				ENABLE_STRICT_OBJC_MSGSEND = YES;
				GCC_C_LANGUAGE_STANDARD = gnu99;
				GCC_NO_COMMON_BLOCKS = YES;
				GCC_WARN_64_TO_32_BIT_CONVERSION = YES;
				GCC_WARN_ABOUT_RETURN_TYPE = YES_ERROR;
				GCC_WARN_UNDECLARED_SELECTOR = YES;
				GCC_WARN_UNINITIALIZED_AUTOS = YES_AGGRESSIVE;
				GCC_WARN_UNUSED_FUNCTION = YES;
				GCC_WARN_UNUSED_VARIABLE = YES;
				IPHONEOS_DEPLOYMENT_TARGET = 10.2;
				MTL_ENABLE_DEBUG_INFO = NO;
				SDKROOT = iphoneos;
				SWIFT_OPTIMIZATION_LEVEL = "-Owholemodule";
				TARGETED_DEVICE_FAMILY = "1,2";
				VALIDATE_PRODUCT = YES;
			};
			name = Release;
		};
		F87DADFB1E57255B00C44BFA /* Debug */ = {
			isa = XCBuildConfiguration;
			buildSettings = {
				ASSETCATALOG_COMPILER_APPICON_NAME = AppIcon;
				DEVELOPMENT_TEAM = 3CH6468FQ7;
				INFOPLIST_FILE = "Mad Libs/Info.plist";
				LD_RUNPATH_SEARCH_PATHS = "$(inherited) @executable_path/Frameworks";
				PRODUCT_BUNDLE_IDENTIFIER = "nl.mprog.Mad-Libs";
				PRODUCT_NAME = "$(TARGET_NAME)";
				SWIFT_VERSION = 3.0;
			};
			name = Debug;
		};
		F87DADFC1E57255B00C44BFA /* Release */ = {
			isa = XCBuildConfiguration;
			buildSettings = {
				ASSETCATALOG_COMPILER_APPICON_NAME = AppIcon;
				DEVELOPMENT_TEAM = 3CH6468FQ7;
				INFOPLIST_FILE = "Mad Libs/Info.plist";
				LD_RUNPATH_SEARCH_PATHS = "$(inherited) @executable_path/Frameworks";
				PRODUCT_BUNDLE_IDENTIFIER = "nl.mprog.Mad-Libs";
				PRODUCT_NAME = "$(TARGET_NAME)";
				SWIFT_VERSION = 3.0;
			};
			name = Release;
		};
/* End XCBuildConfiguration section */

/* Begin XCConfigurationList section */
		F87DADE31E57255A00C44BFA /* Build configuration list for PBXProject "Mad Libs" */ = {
			isa = XCConfigurationList;
			buildConfigurations = (
				F87DADF81E57255B00C44BFA /* Debug */,
				F87DADF91E57255B00C44BFA /* Release */,
			);
			defaultConfigurationIsVisible = 0;
			defaultConfigurationName = Release;
		};
		F87DADFA1E57255B00C44BFA /* Build configuration list for PBXNativeTarget "Mad Libs" */ = {
			isa = XCConfigurationList;
			buildConfigurations = (
				F87DADFB1E57255B00C44BFA /* Debug */,
				F87DADFC1E57255B00C44BFA /* Release */,
			);
			defaultConfigurationIsVisible = 0;
		};
/* End XCConfigurationList section */
	};
	rootObject = F87DADE01E57255A00C44BFA /* Project object */;
}
